#MicroXplorer Configuration settings - do not modify
CAD.formats=
CAD.pinconfig=
CAD.provider=
CONF1.CORTEX_M33_NS.userName=CORTEX_M33
CONF1.ConfName=
CONF1.GPIO.groupedBy=Group By Peripherals
CONF1.KeepUserPlacement=false
CONF1.MMTAppRegionsCount=0
CONF1.MMTConfigApplied=false
CONF1.Mcu.ContextProject=TrustZoneDisabled
CONF1.Mcu.Family=STM32U5
CONF1.Mcu.IP0=CORTEX_M33_NS
CONF1.Mcu.IP1=DEBUG
CONF1.Mcu.IP10=RTC
CONF1.Mcu.IP11=SYS
CONF1.Mcu.IP12=USART1
CONF1.Mcu.IP2=ICACHE
CONF1.Mcu.IP3=LPBAM
CONF1.Mcu.IP4=LPBAMQUEUE
CONF1.Mcu.IP5=LPDMA1
CONF1.Mcu.IP6=MEMORYMAP
CONF1.Mcu.IP7=NVIC
CONF1.Mcu.IP8=PWR
CONF1.Mcu.IP9=RCC
CONF1.Mcu.IPNb=13
CONF1.Mcu.Name=STM32U585AIIxQ
CONF1.Mcu.Package=UFBGA169
CONF1.Mcu.Pin0=PA15 (JTDI)
CONF1.Mcu.Pin1=PB4 (NJTRST)
CONF1.Mcu.Pin10=PC0
CONF1.Mcu.Pin11=PC1
CONF1.Mcu.Pin12=PA7
CONF1.Mcu.Pin13=PA5
CONF1.Mcu.Pin14=PF13
CONF1.Mcu.Pin15=VP_ICACHE_VS_ICACHE
CONF1.Mcu.Pin16=VP_LPBAMQUEUE_VS_QUEUE
CONF1.Mcu.Pin17=VP_LPDMA1_VS_LPDMACH0
CONF1.Mcu.Pin18=VP_PWR_VS_DBSignals
CONF1.Mcu.Pin19=VP_PWR_VS_SECSignals
CONF1.Mcu.Pin2=PA14 (JTCK/SWCLK)
CONF1.Mcu.Pin20=VP_PWR_VS_LPOM
CONF1.Mcu.Pin21=VP_RTC_VS_RTC_Activate
CONF1.Mcu.Pin22=VP_RTC_VS_RTC_WakeUp_intern
CONF1.Mcu.Pin23=VP_SYS_VS_Systick
CONF1.Mcu.Pin24=VP_LPBAM_VS_SIG1
CONF1.Mcu.Pin25=VP_LPBAM_VS_SIG4
CONF1.Mcu.Pin26=VP_MEMORYMAP_VS_MEMORYMAP
CONF1.Mcu.Pin3=PC14-OSC32_IN (PC14)
CONF1.Mcu.Pin4=PB3 (JTDO/TRACESWO)
CONF1.Mcu.Pin5=PC15-OSC32_OUT (PC15)
CONF1.Mcu.Pin6=PC13
CONF1.Mcu.Pin7=PA10
CONF1.Mcu.Pin8=PA13 (JTMS/SWDIO)
CONF1.Mcu.Pin9=PA9
CONF1.Mcu.PinsNb=27
CONF1.Mcu.ThirdPartyNb=0
CONF1.Mcu.UserName=STM32U585AIIxQ
CONF1.NVIC.BusFault_IRQn=true\:0\:0\:false\:false\:true\:false\:false\:false
CONF1.NVIC.DebugMonitor_IRQn=true\:0\:0\:false\:false\:true\:false\:false\:false
CONF1.NVIC.EXTI13_IRQn=true\:0\:0\:false\:false\:true\:true\:true\:true
CONF1.NVIC.ForceEnableDMAVector=true
CONF1.NVIC.HardFault_IRQn=true\:0\:0\:false\:false\:true\:false\:false\:false
CONF1.NVIC.LPDMA1_Channel0_IRQn=true\:0\:0\:false\:false\:true\:true\:true\:true
CONF1.NVIC.MemoryManagement_IRQn=true\:0\:0\:false\:false\:true\:false\:false\:false
CONF1.NVIC.NonMaskableInt_IRQn=true\:0\:0\:false\:false\:true\:false\:false\:false
CONF1.NVIC.PendSV_IRQn=true\:0\:0\:false\:false\:true\:false\:false\:false
CONF1.NVIC.PriorityGroup=NVIC_PRIORITYGROUP_4
CONF1.NVIC.RTC_IRQn=true\:0\:0\:false\:false\:true\:true\:true\:true
CONF1.NVIC.SVCall_IRQn=true\:0\:0\:false\:false\:true\:false\:false\:false
CONF1.NVIC.SysTick_IRQn=true\:15\:0\:false\:false\:true\:false\:true\:false
CONF1.NVIC.UsageFault_IRQn=true\:0\:0\:false\:false\:true\:false\:false\:false
CONF1.PA10.Locked=true
CONF1.PA10.Mode=Asynchronous
CONF1.PA10.Signal=USART1_RX
CONF1.PA13\ (JTMS/SWDIO).Mode=JTAG_5_pins
CONF1.PA13\ (JTMS/SWDIO).Signal=DEBUG_JTMS-SWDIO
CONF1.PA14\ (JTCK/SWCLK).Mode=JTAG_5_pins
CONF1.PA14\ (JTCK/SWCLK).Signal=DEBUG_JTCK-SWCLK
CONF1.PA15\ (JTDI).Mode=JTAG_5_pins
CONF1.PA15\ (JTDI).Signal=DEBUG_JTDI
CONF1.PA5.Locked=true
CONF1.PA5.Mode=CSLEEP
CONF1.PA5.Signal=PWR_CSLEEP
CONF1.PA7.Locked=true
CONF1.PA7.Mode=SRDSTOP
CONF1.PA7.Signal=PWR_SRDSTOP
CONF1.PA9.Locked=true
CONF1.PA9.Mode=Asynchronous
CONF1.PA9.Signal=USART1_TX
CONF1.PB3\ (JTDO/TRACESWO).Mode=JTAG_5_pins
CONF1.PB3\ (JTDO/TRACESWO).Signal=DEBUG_JTDO-SWO
CONF1.PB4\ (NJTRST).Mode=JTAG_5_pins
CONF1.PB4\ (NJTRST).Signal=DEBUG_JTRST
CONF1.PC0.GPIOParameters=GPIO_Label
CONF1.PC0.GPIO_Label=I2C3_SCL
CONF1.PC0.Locked=true
CONF1.PC0.Signal=GPIO_Analog
CONF1.PC1.GPIOParameters=GPIO_Label
CONF1.PC1.GPIO_Label=I2C3_SDA
CONF1.PC1.Locked=true
CONF1.PC1.Signal=GPIO_Analog
CONF1.PC13.GPIOParameters=GPIO_Label,GPIO_ModeDefaultEXTI
CONF1.PC13.GPIO_Label=USER_BUTTON
CONF1.PC13.GPIO_ModeDefaultEXTI=GPIO_MODE_IT_RISING
CONF1.PC13.Locked=true
CONF1.PC13.Signal=GPXTI13
CONF1.PC14-OSC32_IN\ (PC14).Mode=LSE-External-Oscillator
CONF1.PC14-OSC32_IN\ (PC14).Signal=RCC_OSC32_IN
CONF1.PC15-OSC32_OUT\ (PC15).Mode=LSE-External-Oscillator
CONF1.PC15-OSC32_OUT\ (PC15).Signal=RCC_OSC32_OUT
CONF1.PF13.GPIOParameters=PinState,GPIO_Label
CONF1.PF13.GPIO_Label=PINOUT_1
CONF1.PF13.Locked=true
CONF1.PF13.PinState=GPIO_PIN_SET
CONF1.PF13.Signal=GPIO_Output
CONF1.PWR.IPParameters=PowerMode
CONF1.PWR.PowerMode=PWR_SMPS_SUPPLY
CONF1.RCC.ADCFreq_Value=16000000
CONF1.RCC.ADF1Freq_Value=160000000
CONF1.RCC.AHBFreq_Value=160000000
CONF1.RCC.APB1Freq_Value=160000000
CONF1.RCC.APB1TimFreq_Value=160000000
CONF1.RCC.APB2Freq_Value=160000000
CONF1.RCC.APB2TimFreq_Value=160000000
CONF1.RCC.APB3Freq_Value=160000000
CONF1.RCC.CK48Freq_Value=48000000
CONF1.RCC.CRSFreq_Value=48000000
CONF1.RCC.CortexFreq_Value=160000000
CONF1.RCC.DACFreq_Value=32000
CONF1.RCC.EPOD_VALUE=4000000
CONF1.RCC.FCLKCortexFreq_Value=160000000
CONF1.RCC.FDCANFreq_Value=160000000
CONF1.RCC.FamilyName=M
CONF1.RCC.HCLKFreq_Value=160000000
CONF1.RCC.HSE_VALUE=16000000
CONF1.RCC.HSI48_VALUE=48000000
CONF1.RCC.HSI_VALUE=16000000
CONF1.RCC.I2C1Freq_Value=160000000
CONF1.RCC.I2C2Freq_Value=160000000
CONF1.RCC.I2C3Freq_Value=160000000
CONF1.RCC.I2C4Freq_Value=160000000
CONF1.RCC.IPParameters=ADCFreq_Value,ADF1Freq_Value,AHBFreq_Value,APB1Freq_Value,APB1TimFreq_Value,APB2Freq_Value,APB2TimFreq_Value,APB3Freq_Value,CK48Freq_Value,CRSFreq_Value,CortexFreq_Value,DACFreq_Value,EPOD_VALUE,FCLKCortexFreq_Value,FDCANFreq_Value,FamilyName,HCLKFreq_Value,HSE_VALUE,HSI48_VALUE,HSI_VALUE,I2C1Freq_Value,I2C2Freq_Value,I2C3Freq_Value,I2C4Freq_Value,LPTIM2Freq_Value,LPUART1Freq_Value,LSCOPinFreq_Value,LSIDIV_VALUE,LSI_VALUE,MCO1PinFreq_Value,MDF1Freq_Value,MSI_VALUE,OCTOSPIMFreq_Value,PLL2PoutputFreq_Value,PLL2QoutputFreq_Value,PLL2RoutputFreq_Value,PLL3PoutputFreq_Value,PLL3QoutputFreq_Value,PLL3RoutputFreq_Value,PLLN,PLLPoutputFreq_Value,PLLQoutputFreq_Value,PLLRCLKFreq_Value,RNGFreq_Value,RTCClockSelection,RTCFreq_Value,SAESFreq_Value,SAI1Freq_Value,SAI2Freq_Value,SDMMCFreq_Value,SPI1Freq_Value,SPI2Freq_Value,SPI3Freq_Value,SYSCLKFreq_VALUE,SYSCLKSource,UART4Freq_Value,UART5Freq_Value,USART1Freq_Value,USART2Freq_Value,USART3Freq_Value,USBFreq_Value,VCOInput2Freq_Value,VCOInput3Freq_Value,VCOInputFreq_Value,VCOOutputFreq_Value,VCOPLL2OutputFreq_Value,VCOPLL3OutputFreq_Value
CONF1.RCC.LPTIM2Freq_Value=160000000
CONF1.RCC.LPUART1Freq_Value=160000000
CONF1.RCC.LSCOPinFreq_Value=32000
CONF1.RCC.LSIDIV_VALUE=32000
CONF1.RCC.LSI_VALUE=32000
CONF1.RCC.MCO1PinFreq_Value=160000000
CONF1.RCC.MDF1Freq_Value=160000000
CONF1.RCC.MSI_VALUE=4000000
CONF1.RCC.OCTOSPIMFreq_Value=160000000
CONF1.RCC.PLL2PoutputFreq_Value=258000000
CONF1.RCC.PLL2QoutputFreq_Value=258000000
CONF1.RCC.PLL2RoutputFreq_Value=258000000
CONF1.RCC.PLL3PoutputFreq_Value=258000000
CONF1.RCC.PLL3QoutputFreq_Value=258000000
CONF1.RCC.PLL3RoutputFreq_Value=258000000
CONF1.RCC.PLLN=80
CONF1.RCC.PLLPoutputFreq_Value=160000000
CONF1.RCC.PLLQoutputFreq_Value=160000000
CONF1.RCC.PLLRCLKFreq_Value=160000000
CONF1.RCC.RNGFreq_Value=48000000
CONF1.RCC.RTCClockSelection=RCC_RTCCLKSOURCE_LSE
CONF1.RCC.RTCFreq_Value=32768
CONF1.RCC.SAESFreq_Value=48000000
CONF1.RCC.SAI1Freq_Value=258000000
CONF1.RCC.SAI2Freq_Value=258000000
CONF1.RCC.SDMMCFreq_Value=160000000
CONF1.RCC.SPI1Freq_Value=160000000
CONF1.RCC.SPI2Freq_Value=160000000
CONF1.RCC.SPI3Freq_Value=160000000
CONF1.RCC.SYSCLKFreq_VALUE=160000000
CONF1.RCC.SYSCLKSource=RCC_SYSCLKSOURCE_PLLCLK
CONF1.RCC.UART4Freq_Value=160000000
CONF1.RCC.UART5Freq_Value=160000000
CONF1.RCC.USART1Freq_Value=160000000
CONF1.RCC.USART2Freq_Value=160000000
CONF1.RCC.USART3Freq_Value=160000000
CONF1.RCC.USBFreq_Value=48000000
CONF1.RCC.VCOInput2Freq_Value=4000000
CONF1.RCC.VCOInput3Freq_Value=4000000
CONF1.RCC.VCOInputFreq_Value=4000000
CONF1.RCC.VCOOutputFreq_Value=320000000
CONF1.RCC.VCOPLL2OutputFreq_Value=516000000
CONF1.RCC.VCOPLL3OutputFreq_Value=516000000
CONF1.RTC.IPParameters=WakeUpClock-WakeUp,WakeUpCounter-WakeUp
CONF1.RTC.WakeUpClock-WakeUp=RTC_WAKEUPCLOCK_CK_SPRE_16BITS
CONF1.RTC.WakeUpCounter-WakeUp=10
CONF1.SH.GPXTI13.0=GPIO_EXTI13
CONF1.SH.GPXTI13.ConfNb=1
CONF1.ScenarioCount=0
CONF1.USART1.IPParameters=VirtualMode-Asynchronous
CONF1.USART1.VirtualMode-Asynchronous=VM_ASYNC
CONF1.VP_ICACHE_VS_ICACHE.Mode=DirectMappedCache
CONF1.VP_ICACHE_VS_ICACHE.Signal=ICACHE_VS_ICACHE
CONF1.VP_LPBAMQUEUE_VS_QUEUE.Mode=QUEUEMODE
CONF1.VP_LPBAMQUEUE_VS_QUEUE.Signal=LPBAMQUEUE_VS_QUEUE
CONF1.VP_LPBAM_VS_SIG1.Mode=SmartRun
CONF1.VP_LPBAM_VS_SIG1.Signal=LPBAM_VS_SIG1
CONF1.VP_LPBAM_VS_SIG4.Mode=LPDMA1
CONF1.VP_LPBAM_VS_SIG4.Signal=LPBAM_VS_SIG4
CONF1.VP_LPDMA1_VS_LPDMACH0.Mode=LINKEDLIST_LPDMACH0
CONF1.VP_LPDMA1_VS_LPDMACH0.Signal=LPDMA1_VS_LPDMACH0
CONF1.VP_MEMORYMAP_VS_MEMORYMAP.Mode=CurAppReg
CONF1.VP_MEMORYMAP_VS_MEMORYMAP.Signal=MEMORYMAP_VS_MEMORYMAP
CONF1.VP_PWR_VS_DBSignals.Mode=DisableDeadBatterySignals
CONF1.VP_PWR_VS_DBSignals.Signal=PWR_VS_DBSignals
CONF1.VP_PWR_VS_LPOM.Mode=PowerOptimisation
CONF1.VP_PWR_VS_LPOM.Signal=PWR_VS_LPOM
CONF1.VP_PWR_VS_SECSignals.Mode=Security/Privilege
CONF1.VP_PWR_VS_SECSignals.Signal=PWR_VS_SECSignals
CONF1.VP_RTC_VS_RTC_Activate.Mode=RTC_Enabled
CONF1.VP_RTC_VS_RTC_Activate.Signal=RTC_VS_RTC_Activate
CONF1.VP_RTC_VS_RTC_WakeUp_intern.Mode=WakeUp
CONF1.VP_RTC_VS_RTC_WakeUp_intern.Signal=RTC_VS_RTC_WakeUp_intern
CONF1.VP_SYS_VS_Systick.Mode=SysTick
CONF1.VP_SYS_VS_Systick.Signal=SYS_VS_Systick
CONF2.CORTEX_M33_NS.userName=CORTEX_M33
CONF2.ConfName=Master
CONF2.GPIO.groupedBy=Group By Peripherals
CONF2.I2C3.AutonomousMode=AUTONOMOUS_MODE_ENABLE
CONF2.I2C3.I2C_Fall_Time=20
CONF2.I2C3.I2C_Rise_Time=20
CONF2.I2C3.IPParameters=Timing,I2C_Rise_Time,I2C_Fall_Time,OwnAddress,AutonomousMode,TriggerSelection,Interrupt1,TriggerPolarity
CONF2.I2C3.Interrupt1=I2C_IT_ERRI
CONF2.I2C3.OwnAddress=LPBAM_I2C3_ADDRESS
CONF2.I2C3.Timing=0x00100D14
CONF2.I2C3.TriggerPolarity=I2C_TRIG_POLARITY_RISING
CONF2.I2C3.TriggerSelection=I2C_GRP2_RTC_WUT_TRG
CONF2.KeepUserPlacement=false
CONF2.MMTAppRegionsCount=0
CONF2.MMTConfigApplied=false
CONF2.Mcu.ContextProject=TrustZoneDisabled
CONF2.Mcu.Family=STM32U5
CONF2.Mcu.IP0=CORTEX_M33_NS
CONF2.Mcu.IP1=I2C3
CONF2.Mcu.IP2=LPBAM
CONF2.Mcu.IP3=LPBAMQUEUE
CONF2.Mcu.IP4=MEMORYMAP
CONF2.Mcu.IP5=NVIC
CONF2.Mcu.IP6=PWR
CONF2.Mcu.IP7=RCC
CONF2.Mcu.IP8=RTC
CONF2.Mcu.IP9=SYS
CONF2.Mcu.IPNb=10
CONF2.Mcu.Name=STM32U585AIIxQ
CONF2.Mcu.Package=UFBGA169
CONF2.Mcu.Pin0=PC14-OSC32_IN (PC14)
CONF2.Mcu.Pin1=PC15-OSC32_OUT (PC15)
CONF2.Mcu.Pin10=VP_SYS_VS_Systick
CONF2.Mcu.Pin11=VP_LPBAM_VS_SIG1
CONF2.Mcu.Pin12=VP_LPBAM_VS_SIG4
CONF2.Mcu.Pin13=VP_MEMORYMAP_VS_MEMORYMAP
CONF2.Mcu.Pin2=PC0
CONF2.Mcu.Pin3=PC1
CONF2.Mcu.Pin4=VP_I2C3_VS_I2C_LPBAM
CONF2.Mcu.Pin5=VP_LPBAMQUEUE_VS_QUEUE
CONF2.Mcu.Pin6=VP_PWR_VS_DBSignals
CONF2.Mcu.Pin7=VP_PWR_VS_LPOM
CONF2.Mcu.Pin8=VP_RTC_VS_RTC_Activate
CONF2.Mcu.Pin9=VP_RTC_VS_RTC_WakeUp_intern
CONF2.Mcu.PinsNb=14
CONF2.Mcu.ThirdPartyNb=0
CONF2.Mcu.UserName=STM32U585AIIxQ
CONF2.NVIC.ForceEnableDMAVector=true
CONF2.NVIC.I2C3_ER_IRQn=true\:0\:0\:false\:false\:true\:true\:true\:true
CONF2.NVIC.I2C3_EV_IRQn=true\:0\:0\:false\:false\:true\:true\:true\:true
CONF2.NVIC.PriorityGroup=NVIC_PRIORITYGROUP_4
CONF2.PC0.GPIOParameters=GPIO_Label
CONF2.PC0.GPIO_Label=I2C3_SCL
CONF2.PC0.Locked=true
CONF2.PC0.Mode=I2C
CONF2.PC0.Signal=I2C3_SCL
CONF2.PC1.GPIOParameters=GPIO_Label
CONF2.PC1.GPIO_Label=I2C3_SDA
CONF2.PC1.Locked=true
CONF2.PC1.Mode=I2C
CONF2.PC1.Signal=I2C3_SDA
CONF2.PC14-OSC32_IN\ (PC14).Mode=LSE-External-Oscillator
CONF2.PC14-OSC32_IN\ (PC14).Signal=RCC_OSC32_IN
CONF2.PC15-OSC32_OUT\ (PC15).Mode=LSE-External-Oscillator
CONF2.PC15-OSC32_OUT\ (PC15).Signal=RCC_OSC32_OUT
CONF2.PWR.DMA2DPowerDownInStopMode=PWR_DMA2DRAM_FULL_STOP_RETENTION
CONF2.PWR.Dcache1PowerDownInStopMode=PWR_DCACHE1_FULL_STOP_RETENTION
CONF2.PWR.IPParameters=wakeCodegenSys,RAM1Page1PowerDownInStopMode,RAM1Page2PowerDownInStopMode,RAM1Page3PowerDownInStopMode,RAM2Page1PowerDownInStopMode,RAM2Page2PowerDownInStopMode,RAM3Page2PowerDownInStopMode,RAM3Page3PowerDownInStopMode,RAM3Page1PowerDownInStopMode,RAM3Page8PowerDownInStopMode,RAM3Page7PowerDownInStopMode,RAM3Page6PowerDownInStopMode,RAM3Page5PowerDownInStopMode,RAM3Page4PowerDownInStopMode,IcachePowerDownInStopMode,DMA2DPowerDownInStopMode,PKA32RAMPowerDownInStopMode,PeriphPowerDownInStopMode,Dcache1PowerDownInStopMode
CONF2.PWR.IcachePowerDownInStopMode=PWR_ICACHE_FULL_STOP_RETENTION
CONF2.PWR.PKA32RAMPowerDownInStopMode=PWR_PKA32RAM_FULL_STOP_RETENTION
CONF2.PWR.PeriphPowerDownInStopMode=PWR_PERIPHRAM_FULL_STOP_RETENTION
CONF2.PWR.RAM1Page1PowerDownInStopMode=PWR_SRAM1_PAGE1_STOP_RETENTION
CONF2.PWR.RAM1Page2PowerDownInStopMode=PWR_SRAM1_PAGE2_STOP_RETENTION
CONF2.PWR.RAM1Page3PowerDownInStopMode=PWR_SRAM1_PAGE3_STOP_RETENTION
CONF2.PWR.RAM2Page1PowerDownInStopMode=PWR_SRAM2_PAGE1_STOP_RETENTION
CONF2.PWR.RAM2Page2PowerDownInStopMode=PWR_SRAM2_PAGE2_STOP_RETENTION
CONF2.PWR.RAM3Page1PowerDownInStopMode=PWR_SRAM3_PAGE1_STOP_RETENTION
CONF2.PWR.RAM3Page2PowerDownInStopMode=PWR_SRAM3_PAGE2_STOP_RETENTION
CONF2.PWR.RAM3Page3PowerDownInStopMode=PWR_SRAM3_PAGE3_STOP_RETENTION
CONF2.PWR.RAM3Page4PowerDownInStopMode=PWR_SRAM3_PAGE4_STOP_RETENTION
CONF2.PWR.RAM3Page5PowerDownInStopMode=PWR_SRAM3_PAGE5_STOP_RETENTION
CONF2.PWR.RAM3Page6PowerDownInStopMode=PWR_SRAM3_PAGE6_STOP_RETENTION
CONF2.PWR.RAM3Page7PowerDownInStopMode=PWR_SRAM3_PAGE7_STOP_RETENTION
CONF2.PWR.RAM3Page8PowerDownInStopMode=PWR_SRAM3_PAGE8_STOP_RETENTION
CONF2.PWR.wakeCodegenSys=true
CONF2.RCC.ADCFreq_Value=16000000
CONF2.RCC.CRSFreq_Value=48000000
CONF2.RCC.DACFreq_Value=32000
CONF2.RCC.EPOD_VALUE=4000000
CONF2.RCC.FDCANFreq_Value=258000000
CONF2.RCC.FamilyName=M
CONF2.RCC.HSE_VALUE=16000000
CONF2.RCC.HSI48_VALUE=48000000
CONF2.RCC.HSI_VALUE=16000000
CONF2.RCC.I2C1Freq_Value=16000000
CONF2.RCC.I2C2Freq_Value=16000000
CONF2.RCC.I2C3CLockSelection=RCC_I2C3CLKSOURCE_MSIK
CONF2.RCC.I2C3Freq_Value=4000000
CONF2.RCC.I2C4Freq_Value=16000000
CONF2.RCC.IPParameters=ADCFreq_Value,CRSFreq_Value,DACFreq_Value,EPOD_VALUE,FDCANFreq_Value,FamilyName,HSE_VALUE,HSI48_VALUE,HSI_VALUE,I2C1Freq_Value,I2C2Freq_Value,I2C3CLockSelection,I2C3Freq_Value,I2C4Freq_Value,LPTIM2Freq_Value,LPUART1Freq_Value,LSCOPinFreq_Value,LSIDIV_VALUE,LSI_VALUE,MSI_VALUE,PLL2PoutputFreq_Value,PLL2QoutputFreq_Value,PLL2RoutputFreq_Value,PLL3PoutputFreq_Value,PLL3QoutputFreq_Value,PLL3RoutputFreq_Value,PLLPoutputFreq_Value,PLLQoutputFreq_Value,PLLRCLKFreq_Value,RNGFreq_Value,RTCClockSelection,RTCFreq_Value,SAESFreq_Value,SAI1Freq_Value,SAI2Freq_Value,SPI1Freq_Value,SPI2Freq_Value,SPI3Freq_Value,UART4Freq_Value,UART5Freq_Value,USART1Freq_Value,USART2Freq_Value,USART3Freq_Value,USBFreq_Value,VCOInput2Freq_Value,VCOInput3Freq_Value,VCOInputFreq_Value,VCOOutputFreq_Value,VCOPLL2OutputFreq_Value,VCOPLL3OutputFreq_Value
CONF2.RCC.LPTIM2Freq_Value=16000000
CONF2.RCC.LPUART1Freq_Value=16000000
CONF2.RCC.LSCOPinFreq_Value=32000
CONF2.RCC.LSIDIV_VALUE=32000
CONF2.RCC.LSI_VALUE=32000
CONF2.RCC.MSI_VALUE=4000000
CONF2.RCC.PLL2PoutputFreq_Value=258000000
CONF2.RCC.PLL2QoutputFreq_Value=258000000
CONF2.RCC.PLL2RoutputFreq_Value=258000000
CONF2.RCC.PLL3PoutputFreq_Value=258000000
CONF2.RCC.PLL3QoutputFreq_Value=258000000
CONF2.RCC.PLL3RoutputFreq_Value=258000000
CONF2.RCC.PLLPoutputFreq_Value=258000000
CONF2.RCC.PLLQoutputFreq_Value=258000000
CONF2.RCC.PLLRCLKFreq_Value=258000000
CONF2.RCC.RNGFreq_Value=16000000
CONF2.RCC.RTCClockSelection=RCC_RTCCLKSOURCE_LSE
CONF2.RCC.RTCFreq_Value=32768
CONF2.RCC.SAESFreq_Value=48000000
CONF2.RCC.SAI1Freq_Value=16000000
CONF2.RCC.SAI2Freq_Value=16000000
CONF2.RCC.SPI1Freq_Value=16000000
CONF2.RCC.SPI2Freq_Value=16000000
CONF2.RCC.SPI3Freq_Value=16000000
CONF2.RCC.UART4Freq_Value=16000000
CONF2.RCC.UART5Freq_Value=16000000
CONF2.RCC.USART1Freq_Value=16000000
CONF2.RCC.USART2Freq_Value=16000000
CONF2.RCC.USART3Freq_Value=16000000
CONF2.RCC.USBFreq_Value=4000000
CONF2.RCC.VCOInput2Freq_Value=4000000
CONF2.RCC.VCOInput3Freq_Value=4000000
CONF2.RCC.VCOInputFreq_Value=4000000
CONF2.RCC.VCOOutputFreq_Value=516000000
CONF2.RCC.VCOPLL2OutputFreq_Value=516000000
CONF2.RCC.VCOPLL3OutputFreq_Value=516000000
CONF2.RTC.IPParameters=WakeUpClock-WakeUp,WakeUpCounter-WakeUp
CONF2.RTC.WakeUpClock-WakeUp=RTC_WAKEUPCLOCK_CK_SPRE_16BITS
CONF2.RTC.WakeUpCounter-WakeUp=5
CONF2.S1.Q1.F1.FuncUserName=Master_Transmit_Data_1
CONF2.S1.Q1.F1.FuncVirtualPinList=VP_LPBAMI2C3_VS_MASTERTRANSMIT_DATA
CONF2.S1.Q1.F1.IpInstanceName=LPBAMI2C3
CONF2.S1.Q1.F1.LPBAMI2C3.AutoModeTriggerState=LPBAM_I2C_AUTO_MODE_ENABLE
CONF2.S1.Q1.F1.LPBAMI2C3.BufferName=aTxBuffer1
CONF2.S1.Q1.F1.LPBAMI2C3.BufferOffset=0
CONF2.S1.Q1.F1.LPBAMI2C3.DevAddress_MTX_DATA=LPBAM_I2C3_ADDRESS << 1
CONF2.S1.Q1.F1.LPBAMI2C3.IPParameters=NodeLevel_MASTERTRANSMIT_DATA,DevAddress_MTX_DATA,BufferName,BufferOffset,QUEUE_NAME,AutoModeTriggerState,TriggerSelection_MASTERTRANSMIT_DATA,SequenceNumber_MTX_DATA
CONF2.S1.Q1.F1.LPBAMI2C3.NodeLevel_MASTERTRANSMIT_DATA=LPBAM_I2C_MASTERTX_DATAQ_CONFIG_NODE
CONF2.S1.Q1.F1.LPBAMI2C3.QUEUE_NAME=Master_Q
CONF2.S1.Q1.F1.LPBAMI2C3.SequenceNumber_MTX_DATA=2
CONF2.S1.Q1.F1.LPBAMI2C3.TriggerSelection_MASTERTRANSMIT_DATA=LPBAM_LPDMA1_TRIGGER_RTC_WUT_TRG
CONF2.S1.Q1.F1.VP_LPBAMI2C3_VS_MASTERTRANSMIT_DATA.Mode=MASTERTRANSMIT_DATA
CONF2.S1.Q1.F1.VP_LPBAMI2C3_VS_MASTERTRANSMIT_DATA.Signal=LPBAMI2C3_VS_MASTERTRANSMIT_DATA
CONF2.S1.Q1.F2.FuncUserName=Master_Receive_Data_1
CONF2.S1.Q1.F2.FuncVirtualPinList=VP_LPBAMI2C3_VS_MASTERRECEIVE_DATA
CONF2.S1.Q1.F2.IpInstanceName=LPBAMI2C3
CONF2.S1.Q1.F2.LPBAMI2C3.AutoModeTriggerState=LPBAM_I2C_AUTO_MODE_ENABLE
CONF2.S1.Q1.F2.LPBAMI2C3.BufferName=aRxBuffer1
CONF2.S1.Q1.F2.LPBAMI2C3.BufferOffset=0
CONF2.S1.Q1.F2.LPBAMI2C3.DevAddress_MRX_DATA=LPBAM_I2C3_ADDRESS << 1
CONF2.S1.Q1.F2.LPBAMI2C3.IPParameters=NodeLevel_MASTERRECEIVE_DATA,DevAddress_MRX_DATA,BufferName,BufferOffset,AutoModeTriggerState,QUEUE_NAME
CONF2.S1.Q1.F2.LPBAMI2C3.NodeLevel_MASTERRECEIVE_DATA=LPBAM_I2C_MASTERRX_DATAQ_CONFIG_NODE
CONF2.S1.Q1.F2.LPBAMI2C3.QUEUE_NAME=Master_Q
CONF2.S1.Q1.F2.VP_LPBAMI2C3_VS_MASTERRECEIVE_DATA.Mode=MASTERRECEIVE_DATA
CONF2.S1.Q1.F2.VP_LPBAMI2C3_VS_MASTERRECEIVE_DATA.Signal=LPBAMI2C3_VS_MASTERRECEIVE_DATA
CONF2.S1.Q1.FuncCount=2
CONF2.S1.Q1.FuncLastActive=F2
CONF2.S1.Q1.IpInstanceName=LPBAMQUEUE
CONF2.S1.Q1.LPBAMQUEUE.IPParameters=PRIORITY,Interrupt1,Interrupt2,Interrupt3,Interrupt6,Interrupt5
CONF2.S1.Q1.LPBAMQUEUE.Interrupt1=DMA_IT_DTE
CONF2.S1.Q1.LPBAMQUEUE.Interrupt2=DMA_IT_ULE
CONF2.S1.Q1.LPBAMQUEUE.Interrupt3=DMA_IT_USE
CONF2.S1.Q1.LPBAMQUEUE.Interrupt5=DMA_IT_TC
CONF2.S1.Q1.LPBAMQUEUE.Interrupt6=DMA_IT_TO
CONF2.S1.Q1.LPBAMQUEUE.PRIORITY=DMA_LOW_PRIORITY_HIGH_WEIGHT
CONF2.S1.Q1.QueueCircularity=0
CONF2.S1.Q1.QueueUserName=Master
CONF2.S1.Q1.QueueVirtualPinList=VP_LPBAMQUEUE_VS_QUEUE
CONF2.S1.Q1.VP_LPBAMQUEUE_VS_QUEUE.Mode=QUEUEMODE
CONF2.S1.Q1.VP_LPBAMQUEUE_VS_QUEUE.Signal=LPBAMQUEUE_VS_QUEUE
CONF2.S1.QueueCount=1
CONF2.S1.QueueLastActive=Q1
CONF2.S1.ScenarioName=ReloadSeq
CONF2.ScenarioCount=1
CONF2.VP_I2C3_VS_I2C_LPBAM.Mode=LPBAMSPECIFIC
CONF2.VP_I2C3_VS_I2C_LPBAM.Signal=I2C3_VS_I2C_LPBAM
CONF2.VP_LPBAM_VS_SIG1.Mode=SmartRun
CONF2.VP_LPBAM_VS_SIG1.Signal=LPBAM_VS_SIG1
CONF2.VP_LPBAM_VS_SIG4.Mode=LPDMA1
CONF2.VP_LPBAM_VS_SIG4.Signal=LPBAM_VS_SIG4
CONF2.VP_MEMORYMAP_VS_MEMORYMAP.Mode=CurAppReg
CONF2.VP_MEMORYMAP_VS_MEMORYMAP.Signal=MEMORYMAP_VS_MEMORYMAP
CONF2.VP_PWR_VS_DBSignals.Mode=DisableDeadBatterySignals
CONF2.VP_PWR_VS_DBSignals.Signal=PWR_VS_DBSignals
CONF2.VP_PWR_VS_LPOM.Mode=PowerOptimisation
CONF2.VP_PWR_VS_LPOM.Signal=PWR_VS_LPOM
CONF2.VP_RTC_VS_RTC_Activate.Mode=RTC_Enabled
CONF2.VP_RTC_VS_RTC_Activate.Signal=RTC_VS_RTC_Activate
CONF2.VP_RTC_VS_RTC_WakeUp_intern.Mode=WakeUp
CONF2.VP_RTC_VS_RTC_WakeUp_intern.Signal=RTC_VS_RTC_WakeUp_intern
CONF2.VP_SYS_VS_Systick.Mode=SysTick
CONF2.VP_SYS_VS_Systick.Signal=SYS_VS_Systick
File.Version=6
KeepUserPlacement=false
Mcu.CPN=STM32U585AII6Q
Mcu.ContextProject=TrustZoneDisabled
Mcu.Family=STM32U5
Mcu.Name=STM32U585AIIxQ
Mcu.Package=UFBGA169
Mcu.UserConstants=RX_BUFFER1_SIZE,1U;LPBAM_I2C3_ADDRESS,0x76;TX_BUFFER1_SIZE,1U
Mcu.UserName=STM32U585AIIxQ
MultiConf.Active=Master
MultiConf.NbConfig=2
MxCube.Version=6.9.2
MxDb.Version=DB.6.0.92
PinOutPanel.CurrentBGAView=Top
PinOutPanel.RotationAngle=0
ProjectManager.AskForMigrate=true
ProjectManager.BackupPrevious=false
ProjectManager.CompilerOptimize=6
ProjectManager.ComputerToolchain=false
ProjectManager.CoupleFile=true
ProjectManager.CustomerFirmwarePackage=
ProjectManager.DefaultFWLocation=true
ProjectManager.DeletePrevious=true
ProjectManager.DeviceId=STM32U585AIIxQ
ProjectManager.FirmwarePackage=STM32Cube FW_U5 V1.3.0
ProjectManager.FreePins=true
ProjectManager.HalAssertFull=false
ProjectManager.HeapSize=0x200
ProjectManager.KeepUserCode=true
ProjectManager.LPBAM.generateCode=Master\:true;S1.Q1>Master\=true;
ProjectManager.LastFirmware=true
ProjectManager.LibraryCopy=1
ProjectManager.MainLocation=Core/Src
ProjectManager.NoMain=false
ProjectManager.PreviousToolchain=
ProjectManager.ProjectBuild=false
ProjectManager.ProjectFileName=Low_power_demo.ioc
ProjectManager.ProjectName=Low_power_demo
ProjectManager.ProjectStructure=
ProjectManager.RegisterCallBack=I2C,RTC
ProjectManager.StackSize=0x400
ProjectManager.TargetToolchain=STM32CubeIDE
ProjectManager.ToolChainLocation=
ProjectManager.UAScriptAfterPath=
ProjectManager.UAScriptBeforePath=
ProjectManager.UnderRoot=false
ProjectManager.functionlistsort=1-SystemClock_Config-RCC-false-HAL-false,2-MX_GPIO_Init-GPIO-false-HAL-true,3-MX_LPDMA1_Init-LPDMA1-false-HAL-true,4-MX_MEMORYMAP_Init-MEMORYMAP-false-HAL-true,5-MX_RTC_Init-RTC-false-HAL-true,6-MX_ICACHE_Init-ICACHE-false-HAL-true,7-MX_USART1_UART_Init-USART1-false-HAL-true,0-MX_CORTEX_M33_NS_Init-CORTEX_M33_NS-false-HAL-true,0-MX_PWR_Init-PWR-false-HAL-true
board=custom
